
Microsoft Visual Studio Solution File, Format Version 12.00
# Visual Studio Version 16
VisualStudioVersion = 16.0.32106.194
MinimumVisualStudioVersion = 10.0.40219.1
Project("{FAE04EC0-301F-11D3-BF4B-00C04F79EFBC}") = "API", "API\API.csproj", "{7B091E03-97CB-4B51-A8B9-B8FB53410BDD}"
EndProject
Global
	GlobalSection(SolutionConfigurationPlatforms) = preSolution
		Debug|Any CPU = Debug|Any CPU
		Release|Any CPU = Release|Any CPU
	EndGlobalSection
	GlobalSection(ProjectConfigurationPlatforms) = postSolution
		{7B091E03-97CB-4B51-A8B9-B8FB53410BDD}.Debug|Any CPU.ActiveCfg = Debug|Any CPU
		{7B091E03-97CB-4B51-A8B9-B8FB53410BDD}.Debug|Any CPU.Build.0 = Debug|Any CPU
		{7B091E03-97CB-4B51-A8B9-B8FB53410BDD}.Release|Any CPU.ActiveCfg = Release|Any CPU
		{7B091E03-97CB-4B51-A8B9-B8FB53410BDD}.Release|Any CPU.Build.0 = Release|Any CPU
	EndGlobalSection
	GlobalSection(SolutionProperties) = preSolution
		HideSolutionNode = FALSE
	EndGlobalSection
	GlobalSection(ExtensibilityGlobals) = postSolution
		SolutionGuid = {94E9D38B-AEB9-4E46-989B-2C8A8628AD6E}
	EndGlobalSection
EndGlobal
